<?xml version="1.0" encoding="utf-8"?>
<Project ToolsVersion="4.0" xmlns="http://schemas.microsoft.com/developer/msbuild/2003">
  <ItemGroup>
    <Filter Include="Source Files">
      <UniqueIdentifier>{4FC737F1-C7A5-4376-A066-2A32D752A2FF}</UniqueIdentifier>
      <Extensions>cpp;c;cc;cxx;def;odl;idl;hpj;bat;asm;asmx</Extensions>
    </Filter>
    <Filter Include="Header Files">
      <UniqueIdentifier>{93995380-89BD-4b04-88EB-625FBE52EBFB}</UniqueIdentifier>
      <Extensions>h;hh;hpp;hxx;hm;inl;inc;xsd</Extensions>
    </Filter>
    <Filter Include="Note">
      <UniqueIdentifier>{f7bc5950-f648-495a-884b-2088c327c922}</UniqueIdentifier>
    </Filter>
    <Filter Include="Note\Chapter 3 Strings, Vectors, and Arrays">
      <UniqueIdentifier>{cf1cc0fb-ee8d-4163-828e-12b761cdedad}</UniqueIdentifier>
    </Filter>
  </ItemGroup>
  <ItemGroup>
    <ClCompile Include="test.cpp">
      <Filter>Source Files</Filter>
    </ClCompile>
  </ItemGroup>
  <ItemGroup>
    <None Include="Chapter 3 Strings, Vectors, and Arrays\3.2 Library string type.md">
      <Filter>Note\Chapter 3 Strings, Vectors, and Arrays</Filter>
    </None>
    <None Include="Chapter 3 Strings, Vectors, and Arrays\3.3 Library vector type.md">
      <Filter>Note\Chapter 3 Strings, Vectors, and Arrays</Filter>
    </None>
    <None Include="Chapter 3 Strings, Vectors, and Arrays\3.4 Introducing Iterators.md">
      <Filter>Note\Chapter 3 Strings, Vectors, and Arrays</Filter>
    </None>
    <None Include="3.5 Arrays.md">
      <Filter>Note\Chapter 3 Strings, Vectors, and Arrays</Filter>
    </None>
  </ItemGroup>
  <ItemGroup>
    <Image Include="Chapter 3 Strings, Vectors, and Arrays\cctype_func.PNG">
      <Filter>Note\Chapter 3 Strings, Vectors, and Arrays</Filter>
    </Image>
    <Image Include="Chapter 3 Strings, Vectors, and Arrays\iterator_operations.PNG">
      <Filter>Note\Chapter 3 Strings, Vectors, and Arrays</Filter>
    </Image>
    <Image Include="Chapter 3 Strings, Vectors, and Arrays\iterator_operations_with_string_and_vector.PNG">
      <Filter>Note\Chapter 3 Strings, Vectors, and Arrays</Filter>
    </Image>
    <Image Include="Chapter 3 Strings, Vectors, and Arrays\string_operations.PNG">
      <Filter>Note\Chapter 3 Strings, Vectors, and Arrays</Filter>
    </Image>
    <Image Include="Chapter 3 Strings, Vectors, and Arrays\vecor_operation.PNG">
      <Filter>Note\Chapter 3 Strings, Vectors, and Arrays</Filter>
    </Image>
    <Image Include="Chapter 3 Strings, Vectors, and Arrays\vector_init.PNG">
      <Filter>Note\Chapter 3 Strings, Vectors, and Arrays</Filter>
    </Image>
  </ItemGroup>
</Project>